protocol_version: 0.5.0
relation_to_previous: POST_REQ004_AND_PHASE4A_GATE_WIRING
baseline_protocol_sha256: 61b8c1d7750d611e121152909df83019280cb5e46820ca50b4c3cd3ce8af9f7f
frozen_before_execution: true
frozen_at: '2026-07-13T12:43:38.069043'
target_skill_version: v3.0 + phase6 patch (unchanged)
verification_layer_version: 0.1.3
runner_version: 0.3.1 (+phase4a gate wiring fix)
p3_changes:
- REQ-004 oracle context-scoped detection
- phase4a gate wired into execution path
unchanged:
- skill prompts
- requirements.yaml
- source-pack
- benchmark CTD
- scoring thresholds
- build_data_contract
- model_backends
protocol_sha256: 975c8b2b2602625baa1191de6ab48ad9adde837a3fed7751ea141da7348c4b0f
