protocol_version: 0.4.0
relation_to_previous: POST_REQ005_AND_TRANSPORT_HARDENING
baseline_protocol_sha256: 41ec0d6d5c4fa0b65ae6e8edd5346b22edf3a51168d8df9e8d37f6109d58d54f
frozen_before_execution: true
frozen_at: '2026-07-13T11:36:18.575938'
target_skill_version: v3.0 + phase6 patch (unchanged)
verification_layer_version: 0.1.2 (UNCHANGED)
runner_version: 0.3.0 (Branch A + B merged)
branch_a_changes:
- tech_score in data contract from technical_active.json
- phase4a_gate
- phase4a retry
- tech-score injection into phase6 prompt
branch_b_changes:
- failure classification (API_READ_TIMEOUT etc.)
- bounded transport retry (max 2)
- recovery type separation (transport vs agent_content)
- TRANSPORT_FAILED execution type
- sanitize_error_string (no secret leak)
unchanged:
- skill prompts
- verifier 0.1.2
- requirements.yaml
- source-pack
- benchmark CTD
- scoring thresholds
protocol_sha256: 61b8c1d7750d611e121152909df83019280cb5e46820ca50b4c3cd3ce8af9f7f
