protocol_version: 0.3.0
relation_to_previous: POST_REQ025_P2_PATCH
baseline_protocol_sha256: d10ea91537b6df3a77e5f57397e50189b74c427fbd5df696fafa60dc28e3e859
frozen_before_execution: true
frozen_at: '2026-07-13T09:40:59.605710'
target_skill_version: v3.0 + phase6-dashboard.md patch + verifier 0.1.2
verification_layer_version: 0.1.2
evaluator_version: 0.2.0
p2_changes:
- REQ-025 semantic multi-section scope
- projection filtering
- ambiguity abstention
- no company-default fallback
- equity_ty in contract builder
unchanged_from_v0.2.0:
- benchmark BENCH-CTD-2026-07-12
- source-pack
- model GLM-5.2
- scoring thresholds
protocol_sha256: 41ec0d6d5c4fa0b65ae6e8edd5346b22edf3a51168d8df9e8d37f6109d58d54f
