completion_protocol_v0_13_0_lock:
  protocol_id: skill-harness-evaluator-completion
  protocol_version: 0.13.0
  lock_type: COMPLETION_PROTOCOL_FREEZE
  frozen_at: '2026-07-30T09:30:00'
  frozen_before_execution: true

  authority_anchor_commits:
    registry: '232c9b8c1ba7e0adf7c48972162db016bcde483c'
    R2_decision: '089b06a27056e021af32a1d37384316aac15380f'

  pinned_artifact_hashes:
    protocol_file_sha256: 'd7760eafb56243fc5edec5f76cdd55e5558e9d162285b69047841457747e2aa9'
    evidence_adoption_file_sha256: 'f1bc2cd36c120501ff489edac22779b915cedd09d4a373e100b1386170328d63'

  relationship_to_v0_12:
    type: COMPLETES_UNFINISHED_EVALUATION_OBLIGATIONS
    inherits_authority: false
    modifies_v0_12: false

  supersedes_protocol: null
  predecessor_protocol: null

  planned_runs: 4
  planned_run_ids: ['TV13-GAS-01', 'TV13-CTD-01', 'TV13-SAB-01', 'TV13-SSI-01']

  freeze_constraints:
    no_execution_until_acceptance: true
    no_protocol_modification_after_freeze: true
    no_v0_12_reclassification: true
    no_retroactive_verdict_creation: true

  stop_conditions:
    - target_skill_modified_after_freeze
    - evaluator_modified_after_freeze
    - verifier_modified_after_freeze
    - dependency_lock_changed
    - cross_run_contamination
    - cherry_picked_adoption
    - fabricated_run_id
